// !$*UTF8*$!
{
	archiveVersion = 1;
	classes = {
	};
	objectVersion = 46;
	objects = {

/* Begin PBXBuildFile section */
		4119B88C1B8CC9E500161FF2 /* NibView.m in Sources */ = {isa = PBXBuildFile; fileRef = 4119B88B1B8CC9E500161FF2 /* NibView.m */; };
		4119B88F1B8CCE3A00161FF2 /* DetailViewController.m in Sources */ = {isa = PBXBuildFile; fileRef = 4119B88E1B8CCE3A00161FF2 /* DetailViewController.m */; };
		4119B8EC1B8CD17700161FF2 /* Security.framework in Frameworks */ = {isa = PBXBuildFile; fileRef = 4119B8EB1B8CD17700161FF2 /* Security.framework */; };
		41359A601B8CDDC600BFE8AC /* RoundedBorderView.m in Sources */ = {isa = PBXBuildFile; fileRef = 41359A5F1B8CDDC600BFE8AC /* RoundedBorderView.m */; };
		41359A621B8CE28900BFE8AC /* MapKit.framework in Frameworks */ = {isa = PBXBuildFile; fileRef = 41359A611B8CE28900BFE8AC /* MapKit.framework */; };
		41359A641B8CFF3800BFE8AC /* libFlurryAds_6.7.0.a in Frameworks */ = {isa = PBXBuildFile; fileRef = 41359A631B8CFF3800BFE8AC /* libFlurryAds_6.7.0.a */; };
		41359A731B8CFFAC00BFE8AC /* AVFoundation.framework in Frameworks */ = {isa = PBXBuildFile; fileRef = 41359A721B8CFFAC00BFE8AC /* AVFoundation.framework */; };
		41359A751B8CFFB700BFE8AC /* CoreMedia.framework in Frameworks */ = {isa = PBXBuildFile; fileRef = 41359A741B8CFFB700BFE8AC /* CoreMedia.framework */; };
		41359A771B8CFFC800BFE8AC /* StoreKit.framework in Frameworks */ = {isa = PBXBuildFile; fileRef = 41359A761B8CFFC800BFE8AC /* StoreKit.framework */; };
		41359A791B8CFFD100BFE8AC /* libz.dylib in Frameworks */ = {isa = PBXBuildFile; fileRef = 41359A781B8CFFD100BFE8AC /* libz.dylib */; };
		41359A7B1B8CFFDA00BFE8AC /* MediaPlayer.framework in Frameworks */ = {isa = PBXBuildFile; fileRef = 41359A7A1B8CFFDA00BFE8AC /* MediaPlayer.framework */; };
		41359A801B8D03DA00BFE8AC /* MapAnnotation.m in Sources */ = {isa = PBXBuildFile; fileRef = 41359A7F1B8D03DA00BFE8AC /* MapAnnotation.m */; };
		41359A821B8D1BBB00BFE8AC /* YahooSearchKitResources.bundle in Resources */ = {isa = PBXBuildFile; fileRef = 41359A811B8D1BBB00BFE8AC /* YahooSearchKitResources.bundle */; };
		41359A841B8D1BC000BFE8AC /* YahooSearchKit.framework in Frameworks */ = {isa = PBXBuildFile; fileRef = 41359A831B8D1BC000BFE8AC /* YahooSearchKit.framework */; };
		4148DF461B8CA6F00073075E /* main.m in Sources */ = {isa = PBXBuildFile; fileRef = 4148DF451B8CA6F00073075E /* main.m */; };
		4148DF491B8CA6F00073075E /* AppDelegate.m in Sources */ = {isa = PBXBuildFile; fileRef = 4148DF481B8CA6F00073075E /* AppDelegate.m */; };
		4148DF4C1B8CA6F00073075E /* MainViewController.m in Sources */ = {isa = PBXBuildFile; fileRef = 4148DF4B1B8CA6F00073075E /* MainViewController.m */; };
		4148DF4F1B8CA6F00073075E /* Main.storyboard in Resources */ = {isa = PBXBuildFile; fileRef = 4148DF4D1B8CA6F00073075E /* Main.storyboard */; };
		4148DF511B8CA6F00073075E /* Images.xcassets in Resources */ = {isa = PBXBuildFile; fileRef = 4148DF501B8CA6F00073075E /* Images.xcassets */; };
		4148DF541B8CA6F00073075E /* LaunchScreen.xib in Resources */ = {isa = PBXBuildFile; fileRef = 4148DF521B8CA6F00073075E /* LaunchScreen.xib */; };
		4148DF601B8CA6F00073075E /* lunchTests.m in Sources */ = {isa = PBXBuildFile; fileRef = 4148DF5F1B8CA6F00073075E /* lunchTests.m */; };
		4148DF721B8CB04C0073075E /* libFlurry_6.7.0.a in Frameworks */ = {isa = PBXBuildFile; fileRef = 4148DF711B8CB04C0073075E /* libFlurry_6.7.0.a */; };
		4148DF741B8CB0B00073075E /* SystemConfiguration.framework in Frameworks */ = {isa = PBXBuildFile; fileRef = 4148DF731B8CB0B00073075E /* SystemConfiguration.framework */; };
		4148DF791B8CB3C10073075E /* CoreLocation.framework in Frameworks */ = {isa = PBXBuildFile; fileRef = 4148DF781B8CB3C10073075E /* CoreLocation.framework */; };
		4148DF7B1B8CB3CA0073075E /* CoreTelephony.framework in Frameworks */ = {isa = PBXBuildFile; fileRef = 4148DF7A1B8CB3CA0073075E /* CoreTelephony.framework */; };
		4148DF7D1B8CB3D00073075E /* WebKit.framework in Frameworks */ = {isa = PBXBuildFile; fileRef = 4148DF7C1B8CB3D00073075E /* WebKit.framework */; };
		4148DF881B8CBC490073075E /* DraggablePhotoView.m in Sources */ = {isa = PBXBuildFile; fileRef = 4148DF871B8CBC490073075E /* DraggablePhotoView.m */; };
		4148DF8A1B8CBCDB0073075E /* DraggablePhotoView.xib in Resources */ = {isa = PBXBuildFile; fileRef = 4148DF891B8CBCDB0073075E /* DraggablePhotoView.xib */; };
		4148DF901B8CBE420073075E /* CircularButton.m in Sources */ = {isa = PBXBuildFile; fileRef = 4148DF8F1B8CBE420073075E /* CircularButton.m */; };
		F77CF0991D3ABD7673A045AA /* libPods.a in Frameworks */ = {isa = PBXBuildFile; fileRef = A7E0DB17087C42B8E924953E /* libPods.a */; };
/* End PBXBuildFile section */

/* Begin PBXContainerItemProxy section */
		4148DF5A1B8CA6F00073075E /* PBXContainerItemProxy */ = {
			isa = PBXContainerItemProxy;
			containerPortal = 4148DF381B8CA6F00073075E /* Project object */;
			proxyType = 1;
			remoteGlobalIDString = 4148DF3F1B8CA6F00073075E;
			remoteInfo = lunch;
		};
/* End PBXContainerItemProxy section */

/* Begin PBXFileReference section */
		4119B88A1B8CC9E500161FF2 /* NibView.h */ = {isa = PBXFileReference; fileEncoding = 4; lastKnownFileType = sourcecode.c.h; path = NibView.h; sourceTree = "<group>"; };
		4119B88B1B8CC9E500161FF2 /* NibView.m */ = {isa = PBXFileReference; fileEncoding = 4; lastKnownFileType = sourcecode.c.objc; path = NibView.m; sourceTree = "<group>"; };
		4119B88D1B8CCE3A00161FF2 /* DetailViewController.h */ = {isa = PBXFileReference; fileEncoding = 4; lastKnownFileType = sourcecode.c.h; path = DetailViewController.h; sourceTree = "<group>"; };
		4119B88E1B8CCE3A00161FF2 /* DetailViewController.m */ = {isa = PBXFileReference; fileEncoding = 4; lastKnownFileType = sourcecode.c.objc; path = DetailViewController.m; sourceTree = "<group>"; };
		4119B8EB1B8CD17700161FF2 /* Security.framework */ = {isa = PBXFileReference; lastKnownFileType = wrapper.framework; name = Security.framework; path = System/Library/Frameworks/Security.framework; sourceTree = SDKROOT; };
		41359A5E1B8CDDC600BFE8AC /* RoundedBorderView.h */ = {isa = PBXFileReference; fileEncoding = 4; lastKnownFileType = sourcecode.c.h; path = RoundedBorderView.h; sourceTree = "<group>"; };
		41359A5F1B8CDDC600BFE8AC /* RoundedBorderView.m */ = {isa = PBXFileReference; fileEncoding = 4; lastKnownFileType = sourcecode.c.objc; path = RoundedBorderView.m; sourceTree = "<group>"; };
		41359A611B8CE28900BFE8AC /* MapKit.framework */ = {isa = PBXFileReference; lastKnownFileType = wrapper.framework; name = MapKit.framework; path = System/Library/Frameworks/MapKit.framework; sourceTree = SDKROOT; };
		41359A631B8CFF3800BFE8AC /* libFlurryAds_6.7.0.a */ = {isa = PBXFileReference; lastKnownFileType = archive.ar; name = libFlurryAds_6.7.0.a; path = "../../../../../Downloads/Flurry iPhone SDK viPhone 6/Flurry-iOS-6.7.0/FlurryAds/libFlurryAds_6.7.0.a"; sourceTree = "<group>"; };
		41359A651B8CFF5500BFE8AC /* FlurryAdDelegate.h */ = {isa = PBXFileReference; fileEncoding = 4; lastKnownFileType = sourcecode.c.h; path = FlurryAdDelegate.h; sourceTree = "<group>"; };
		41359A661B8CFF5500BFE8AC /* FlurryAds.h */ = {isa = PBXFileReference; fileEncoding = 4; lastKnownFileType = sourcecode.c.h; path = FlurryAds.h; sourceTree = "<group>"; };
		41359A671B8CFF5D00BFE8AC /* FlurryAdError.h */ = {isa = PBXFileReference; fileEncoding = 4; lastKnownFileType = sourcecode.c.h; path = FlurryAdError.h; sourceTree = "<group>"; };
		41359A681B8CFF5D00BFE8AC /* FlurryAdTargeting.h */ = {isa = PBXFileReference; fileEncoding = 4; lastKnownFileType = sourcecode.c.h; path = FlurryAdTargeting.h; sourceTree = "<group>"; };
		41359A691B8CFF6400BFE8AC /* FlurryAdNative.h */ = {isa = PBXFileReference; fileEncoding = 4; lastKnownFileType = sourcecode.c.h; path = FlurryAdNative.h; sourceTree = "<group>"; };
		41359A6A1B8CFF6400BFE8AC /* FlurryAdNative+Private.h */ = {isa = PBXFileReference; fileEncoding = 4; lastKnownFileType = sourcecode.c.h; path = "FlurryAdNative+Private.h"; sourceTree = "<group>"; };
		41359A6B1B8CFF6400BFE8AC /* FlurryAdNativeAsset.h */ = {isa = PBXFileReference; fileEncoding = 4; lastKnownFileType = sourcecode.c.h; path = FlurryAdNativeAsset.h; sourceTree = "<group>"; };
		41359A6C1B8CFF6400BFE8AC /* FlurryAdNativeDelegate.h */ = {isa = PBXFileReference; fileEncoding = 4; lastKnownFileType = sourcecode.c.h; path = FlurryAdNativeDelegate.h; sourceTree = "<group>"; };
		41359A6D1B8CFF6400BFE8AC /* FlurryAdNativeStyle.h */ = {isa = PBXFileReference; fileEncoding = 4; lastKnownFileType = sourcecode.c.h; path = FlurryAdNativeStyle.h; sourceTree = "<group>"; };
		41359A6E1B8CFF6A00BFE8AC /* FlurryAdInterstitial.h */ = {isa = PBXFileReference; fileEncoding = 4; lastKnownFileType = sourcecode.c.h; path = FlurryAdInterstitial.h; sourceTree = "<group>"; };
		41359A6F1B8CFF6A00BFE8AC /* FlurryAdInterstitialDelegate.h */ = {isa = PBXFileReference; fileEncoding = 4; lastKnownFileType = sourcecode.c.h; path = FlurryAdInterstitialDelegate.h; sourceTree = "<group>"; };
		41359A701B8CFF7800BFE8AC /* FlurryAdBanner.h */ = {isa = PBXFileReference; fileEncoding = 4; lastKnownFileType = sourcecode.c.h; path = FlurryAdBanner.h; sourceTree = "<group>"; };
		41359A711B8CFF7800BFE8AC /* FlurryAdBannerDelegate.h */ = {isa = PBXFileReference; fileEncoding = 4; lastKnownFileType = sourcecode.c.h; path = FlurryAdBannerDelegate.h; sourceTree = "<group>"; };
		41359A721B8CFFAC00BFE8AC /* AVFoundation.framework */ = {isa = PBXFileReference; lastKnownFileType = wrapper.framework; name = AVFoundation.framework; path = System/Library/Frameworks/AVFoundation.framework; sourceTree = SDKROOT; };
		41359A741B8CFFB700BFE8AC /* CoreMedia.framework */ = {isa = PBXFileReference; lastKnownFileType = wrapper.framework; name = CoreMedia.framework; path = System/Library/Frameworks/CoreMedia.framework; sourceTree = SDKROOT; };
		41359A761B8CFFC800BFE8AC /* StoreKit.framework */ = {isa = PBXFileReference; lastKnownFileType = wrapper.framework; name = StoreKit.framework; path = System/Library/Frameworks/StoreKit.framework; sourceTree = SDKROOT; };
		41359A781B8CFFD100BFE8AC /* libz.dylib */ = {isa = PBXFileReference; lastKnownFileType = "compiled.mach-o.dylib"; name = libz.dylib; path = usr/lib/libz.dylib; sourceTree = SDKROOT; };
		41359A7A1B8CFFDA00BFE8AC /* MediaPlayer.framework */ = {isa = PBXFileReference; lastKnownFileType = wrapper.framework; name = MediaPlayer.framework; path = System/Library/Frameworks/MediaPlayer.framework; sourceTree = SDKROOT; };
		41359A7E1B8D03DA00BFE8AC /* MapAnnotation.h */ = {isa = PBXFileReference; fileEncoding = 4; lastKnownFileType = sourcecode.c.h; path = MapAnnotation.h; sourceTree = "<group>"; };
		41359A7F1B8D03DA00BFE8AC /* MapAnnotation.m */ = {isa = PBXFileReference; fileEncoding = 4; lastKnownFileType = sourcecode.c.objc; path = MapAnnotation.m; sourceTree = "<group>"; };
		41359A811B8D1BBB00BFE8AC /* YahooSearchKitResources.bundle */ = {isa = PBXFileReference; lastKnownFileType = "wrapper.plug-in"; path = YahooSearchKitResources.bundle; sourceTree = "<group>"; };
		41359A831B8D1BC000BFE8AC /* YahooSearchKit.framework */ = {isa = PBXFileReference; lastKnownFileType = wrapper.framework; path = YahooSearchKit.framework; sourceTree = "<group>"; };
		4148DF401B8CA6F00073075E /* lunch.app */ = {isa = PBXFileReference; explicitFileType = wrapper.application; includeInIndex = 0; path = lunch.app; sourceTree = BUILT_PRODUCTS_DIR; };
		4148DF441B8CA6F00073075E /* Info.plist */ = {isa = PBXFileReference; lastKnownFileType = text.plist.xml; path = Info.plist; sourceTree = "<group>"; };
		4148DF451B8CA6F00073075E /* main.m */ = {isa = PBXFileReference; lastKnownFileType = sourcecode.c.objc; path = main.m; sourceTree = "<group>"; };
		4148DF471B8CA6F00073075E /* AppDelegate.h */ = {isa = PBXFileReference; lastKnownFileType = sourcecode.c.h; path = AppDelegate.h; sourceTree = "<group>"; };
		4148DF481B8CA6F00073075E /* AppDelegate.m */ = {isa = PBXFileReference; lastKnownFileType = sourcecode.c.objc; path = AppDelegate.m; sourceTree = "<group>"; };
		4148DF4A1B8CA6F00073075E /* MainViewController.h */ = {isa = PBXFileReference; lastKnownFileType = sourcecode.c.h; path = MainViewController.h; sourceTree = "<group>"; };
		4148DF4B1B8CA6F00073075E /* MainViewController.m */ = {isa = PBXFileReference; lastKnownFileType = sourcecode.c.objc; path = MainViewController.m; sourceTree = "<group>"; };
		4148DF4E1B8CA6F00073075E /* Base */ = {isa = PBXFileReference; lastKnownFileType = file.storyboard; name = Base; path = Base.lproj/Main.storyboard; sourceTree = "<group>"; };
		4148DF501B8CA6F00073075E /* Images.xcassets */ = {isa = PBXFileReference; lastKnownFileType = folder.assetcatalog; path = Images.xcassets; sourceTree = "<group>"; };
		4148DF531B8CA6F00073075E /* Base */ = {isa = PBXFileReference; lastKnownFileType = file.xib; name = Base; path = Base.lproj/LaunchScreen.xib; sourceTree = "<group>"; };
		4148DF591B8CA6F00073075E /* lunchTests.xctest */ = {isa = PBXFileReference; explicitFileType = wrapper.cfbundle; includeInIndex = 0; path = lunchTests.xctest; sourceTree = BUILT_PRODUCTS_DIR; };
		4148DF5E1B8CA6F00073075E /* Info.plist */ = {isa = PBXFileReference; lastKnownFileType = text.plist.xml; path = Info.plist; sourceTree = "<group>"; };
		4148DF5F1B8CA6F00073075E /* lunchTests.m */ = {isa = PBXFileReference; lastKnownFileType = sourcecode.c.objc; path = lunchTests.m; sourceTree = "<group>"; };
		4148DF701B8CB04C0073075E /* Flurry.h */ = {isa = PBXFileReference; fileEncoding = 4; lastKnownFileType = sourcecode.c.h; name = Flurry.h; path = Flurry/Flurry.h; sourceTree = "<group>"; };
		4148DF711B8CB04C0073075E /* libFlurry_6.7.0.a */ = {isa = PBXFileReference; lastKnownFileType = archive.ar; name = libFlurry_6.7.0.a; path = Flurry/libFlurry_6.7.0.a; sourceTree = "<group>"; };
		4148DF731B8CB0B00073075E /* SystemConfiguration.framework */ = {isa = PBXFileReference; lastKnownFileType = wrapper.framework; name = SystemConfiguration.framework; path = System/Library/Frameworks/SystemConfiguration.framework; sourceTree = SDKROOT; };
		4148DF781B8CB3C10073075E /* CoreLocation.framework */ = {isa = PBXFileReference; lastKnownFileType = wrapper.framework; name = CoreLocation.framework; path = System/Library/Frameworks/CoreLocation.framework; sourceTree = SDKROOT; };
		4148DF7A1B8CB3CA0073075E /* CoreTelephony.framework */ = {isa = PBXFileReference; lastKnownFileType = wrapper.framework; name = CoreTelephony.framework; path = System/Library/Frameworks/CoreTelephony.framework; sourceTree = SDKROOT; };
		4148DF7C1B8CB3D00073075E /* WebKit.framework */ = {isa = PBXFileReference; lastKnownFileType = wrapper.framework; name = WebKit.framework; path = System/Library/Frameworks/WebKit.framework; sourceTree = SDKROOT; };
		4148DF861B8CBC490073075E /* DraggablePhotoView.h */ = {isa = PBXFileReference; fileEncoding = 4; lastKnownFileType = sourcecode.c.h; path = DraggablePhotoView.h; sourceTree = "<group>"; };
		4148DF871B8CBC490073075E /* DraggablePhotoView.m */ = {isa = PBXFileReference; fileEncoding = 4; lastKnownFileType = sourcecode.c.objc; path = DraggablePhotoView.m; sourceTree = "<group>"; };
		4148DF891B8CBCDB0073075E /* DraggablePhotoView.xib */ = {isa = PBXFileReference; fileEncoding = 4; lastKnownFileType = file.xib; path = DraggablePhotoView.xib; sourceTree = "<group>"; };
		4148DF8E1B8CBE420073075E /* CircularButton.h */ = {isa = PBXFileReference; fileEncoding = 4; lastKnownFileType = sourcecode.c.h; path = CircularButton.h; sourceTree = "<group>"; };
		4148DF8F1B8CBE420073075E /* CircularButton.m */ = {isa = PBXFileReference; fileEncoding = 4; lastKnownFileType = sourcecode.c.objc; path = CircularButton.m; sourceTree = "<group>"; };
		90EA43CA6CB03909C33B22EC /* Pods.release.xcconfig */ = {isa = PBXFileReference; includeInIndex = 1; lastKnownFileType = text.xcconfig; name = Pods.release.xcconfig; path = "Pods/Target Support Files/Pods/Pods.release.xcconfig"; sourceTree = "<group>"; };
		A7E0DB17087C42B8E924953E /* libPods.a */ = {isa = PBXFileReference; explicitFileType = archive.ar; includeInIndex = 0; path = libPods.a; sourceTree = BUILT_PRODUCTS_DIR; };
		EBCC4A9101E394E367EBFD1E /* Pods.debug.xcconfig */ = {isa = PBXFileReference; includeInIndex = 1; lastKnownFileType = text.xcconfig; name = Pods.debug.xcconfig; path = "Pods/Target Support Files/Pods/Pods.debug.xcconfig"; sourceTree = "<group>"; };
/* End PBXFileReference section */

/* Begin PBXFrameworksBuildPhase section */
		4148DF3D1B8CA6F00073075E /* Frameworks */ = {
			isa = PBXFrameworksBuildPhase;
			buildActionMask = 2147483647;
			files = (
				41359A7B1B8CFFDA00BFE8AC /* MediaPlayer.framework in Frameworks */,
				41359A791B8CFFD100BFE8AC /* libz.dylib in Frameworks */,
				41359A771B8CFFC800BFE8AC /* StoreKit.framework in Frameworks */,
				41359A751B8CFFB700BFE8AC /* CoreMedia.framework in Frameworks */,
				41359A731B8CFFAC00BFE8AC /* AVFoundation.framework in Frameworks */,
				41359A621B8CE28900BFE8AC /* MapKit.framework in Frameworks */,
				4119B8EC1B8CD17700161FF2 /* Security.framework in Frameworks */,
				4148DF7D1B8CB3D00073075E /* WebKit.framework in Frameworks */,
				4148DF7B1B8CB3CA0073075E /* CoreTelephony.framework in Frameworks */,
				4148DF791B8CB3C10073075E /* CoreLocation.framework in Frameworks */,
				4148DF741B8CB0B00073075E /* SystemConfiguration.framework in Frameworks */,
				41359A641B8CFF3800BFE8AC /* libFlurryAds_6.7.0.a in Frameworks */,
				4148DF721B8CB04C0073075E /* libFlurry_6.7.0.a in Frameworks */,
				F77CF0991D3ABD7673A045AA /* libPods.a in Frameworks */,
				41359A841B8D1BC000BFE8AC /* YahooSearchKit.framework in Frameworks */,
			);
			runOnlyForDeploymentPostprocessing = 0;
		};
		4148DF561B8CA6F00073075E /* Frameworks */ = {
			isa = PBXFrameworksBuildPhase;
			buildActionMask = 2147483647;
			files = (
			);
			runOnlyForDeploymentPostprocessing = 0;
		};
/* End PBXFrameworksBuildPhase section */

/* Begin PBXGroup section */
		4148DF371B8CA6F00073075E = {
			isa = PBXGroup;
			children = (
				4148DF751B8CB0BC0073075E /* Frameworks */,
				4148DF421B8CA6F00073075E /* lunch */,
				4148DF5C1B8CA6F00073075E /* lunchTests */,
				4148DF411B8CA6F00073075E /* Products */,
				71412CB5B934B8EC3443F6F4 /* Pods */,
			);
			sourceTree = "<group>";
		};
		4148DF411B8CA6F00073075E /* Products */ = {
			isa = PBXGroup;
			children = (
				4148DF401B8CA6F00073075E /* lunch.app */,
				4148DF591B8CA6F00073075E /* lunchTests.xctest */,
			);
			name = Products;
			sourceTree = "<group>";
		};
		4148DF421B8CA6F00073075E /* lunch */ = {
			isa = PBXGroup;
			children = (
				4148DF471B8CA6F00073075E /* AppDelegate.h */,
				4148DF481B8CA6F00073075E /* AppDelegate.m */,
				4148DF8E1B8CBE420073075E /* CircularButton.h */,
				4148DF8F1B8CBE420073075E /* CircularButton.m */,
				4119B88D1B8CCE3A00161FF2 /* DetailViewController.h */,
				4119B88E1B8CCE3A00161FF2 /* DetailViewController.m */,
				4148DF861B8CBC490073075E /* DraggablePhotoView.h */,
				4148DF871B8CBC490073075E /* DraggablePhotoView.m */,
				4148DF891B8CBCDB0073075E /* DraggablePhotoView.xib */,
				4148DF4A1B8CA6F00073075E /* MainViewController.h */,
				4148DF4B1B8CA6F00073075E /* MainViewController.m */,
				41359A7E1B8D03DA00BFE8AC /* MapAnnotation.h */,
				41359A7F1B8D03DA00BFE8AC /* MapAnnotation.m */,
				41359A5E1B8CDDC600BFE8AC /* RoundedBorderView.h */,
				41359A5F1B8CDDC600BFE8AC /* RoundedBorderView.m */,
				4119B88A1B8CC9E500161FF2 /* NibView.h */,
				4119B88B1B8CC9E500161FF2 /* NibView.m */,
				4148DF4D1B8CA6F00073075E /* Main.storyboard */,
				4148DF501B8CA6F00073075E /* Images.xcassets */,
				4148DF521B8CA6F00073075E /* LaunchScreen.xib */,
				4148DF431B8CA6F00073075E /* Supporting Files */,
			);
			path = lunch;
			sourceTree = "<group>";
		};
		4148DF431B8CA6F00073075E /* Supporting Files */ = {
			isa = PBXGroup;
			children = (
				41359A811B8D1BBB00BFE8AC /* YahooSearchKitResources.bundle */,
				4148DF441B8CA6F00073075E /* Info.plist */,
				4148DF451B8CA6F00073075E /* main.m */,
			);
			name = "Supporting Files";
			sourceTree = "<group>";
		};
		4148DF5C1B8CA6F00073075E /* lunchTests */ = {
			isa = PBXGroup;
			children = (
				4148DF5F1B8CA6F00073075E /* lunchTests.m */,
				4148DF5D1B8CA6F00073075E /* Supporting Files */,
			);
			path = lunchTests;
			sourceTree = "<group>";
		};
		4148DF5D1B8CA6F00073075E /* Supporting Files */ = {
			isa = PBXGroup;
			children = (
				4148DF5E1B8CA6F00073075E /* Info.plist */,
			);
			name = "Supporting Files";
			sourceTree = "<group>";
		};
		4148DF6F1B8CB0370073075E /* Flurry */ = {
			isa = PBXGroup;
			children = (
				41359A701B8CFF7800BFE8AC /* FlurryAdBanner.h */,
				41359A711B8CFF7800BFE8AC /* FlurryAdBannerDelegate.h */,
				41359A6E1B8CFF6A00BFE8AC /* FlurryAdInterstitial.h */,
				41359A6F1B8CFF6A00BFE8AC /* FlurryAdInterstitialDelegate.h */,
				41359A691B8CFF6400BFE8AC /* FlurryAdNative.h */,
				41359A6A1B8CFF6400BFE8AC /* FlurryAdNative+Private.h */,
				41359A6B1B8CFF6400BFE8AC /* FlurryAdNativeAsset.h */,
				41359A6C1B8CFF6400BFE8AC /* FlurryAdNativeDelegate.h */,
				41359A6D1B8CFF6400BFE8AC /* FlurryAdNativeStyle.h */,
				41359A671B8CFF5D00BFE8AC /* FlurryAdError.h */,
				41359A681B8CFF5D00BFE8AC /* FlurryAdTargeting.h */,
				41359A651B8CFF5500BFE8AC /* FlurryAdDelegate.h */,
				41359A661B8CFF5500BFE8AC /* FlurryAds.h */,
				41359A631B8CFF3800BFE8AC /* libFlurryAds_6.7.0.a */,
				4148DF701B8CB04C0073075E /* Flurry.h */,
				4148DF711B8CB04C0073075E /* libFlurry_6.7.0.a */,
			);
			name = Flurry;
			path = lunch;
			sourceTree = "<group>";
		};
		4148DF751B8CB0BC0073075E /* Frameworks */ = {
			isa = PBXGroup;
			children = (
				41359A7A1B8CFFDA00BFE8AC /* MediaPlayer.framework */,
				41359A781B8CFFD100BFE8AC /* libz.dylib */,
				41359A761B8CFFC800BFE8AC /* StoreKit.framework */,
				41359A741B8CFFB700BFE8AC /* CoreMedia.framework */,
				41359A721B8CFFAC00BFE8AC /* AVFoundation.framework */,
				41359A611B8CE28900BFE8AC /* MapKit.framework */,
				4119B8EB1B8CD17700161FF2 /* Security.framework */,
				4148DF7A1B8CB3CA0073075E /* CoreTelephony.framework */,
				4148DF781B8CB3C10073075E /* CoreLocation.framework */,
				4148DF6F1B8CB0370073075E /* Flurry */,
				4148DF731B8CB0B00073075E /* SystemConfiguration.framework */,
				4148DF7C1B8CB3D00073075E /* WebKit.framework */,
				A7E0DB17087C42B8E924953E /* libPods.a */,
				41359A831B8D1BC000BFE8AC /* YahooSearchKit.framework */,
			);
			name = Frameworks;
			sourceTree = "<group>";
		};
		71412CB5B934B8EC3443F6F4 /* Pods */ = {
			isa = PBXGroup;
			children = (
				EBCC4A9101E394E367EBFD1E /* Pods.debug.xcconfig */,
				90EA43CA6CB03909C33B22EC /* Pods.release.xcconfig */,
			);
			name = Pods;
			sourceTree = "<group>";
		};
/* End PBXGroup section */

/* Begin PBXNativeTarget section */
		4148DF3F1B8CA6F00073075E /* lunch */ = {
			isa = PBXNativeTarget;
			buildConfigurationList = 4148DF631B8CA6F00073075E /* Build configuration list for PBXNativeTarget "lunch" */;
			buildPhases = (
				A469D5C410D4F301285B0C1C /* Check Pods Manifest.lock */,
				4148DF3C1B8CA6F00073075E /* Sources */,
				4148DF3D1B8CA6F00073075E /* Frameworks */,
				4148DF3E1B8CA6F00073075E /* Resources */,
				45BB7714F8B6A5C14DA8C55A /* Copy Pods Resources */,
			);
			buildRules = (
			);
			dependencies = (
			);
			name = lunch;
			productName = lunch;
			productReference = 4148DF401B8CA6F00073075E /* lunch.app */;
			productType = "com.apple.product-type.application";
		};
		4148DF581B8CA6F00073075E /* lunchTests */ = {
			isa = PBXNativeTarget;
			buildConfigurationList = 4148DF661B8CA6F00073075E /* Build configuration list for PBXNativeTarget "lunchTests" */;
			buildPhases = (
				4148DF551B8CA6F00073075E /* Sources */,
				4148DF561B8CA6F00073075E /* Frameworks */,
				4148DF571B8CA6F00073075E /* Resources */,
			);
			buildRules = (
			);
			dependencies = (
				4148DF5B1B8CA6F00073075E /* PBXTargetDependency */,
			);
			name = lunchTests;
			productName = lunchTests;
			productReference = 4148DF591B8CA6F00073075E /* lunchTests.xctest */;
			productType = "com.apple.product-type.bundle.unit-test";
		};
/* End PBXNativeTarget section */

/* Begin PBXProject section */
		4148DF381B8CA6F00073075E /* Project object */ = {
			isa = PBXProject;
			attributes = {
				LastUpgradeCheck = 0640;
				ORGANIZATIONNAME = "Meek Apps";
				TargetAttributes = {
					4148DF3F1B8CA6F00073075E = {
						CreatedOnToolsVersion = 6.4;
					};
					4148DF581B8CA6F00073075E = {
						CreatedOnToolsVersion = 6.4;
						TestTargetID = 4148DF3F1B8CA6F00073075E;
					};
				};
			};
			buildConfigurationList = 4148DF3B1B8CA6F00073075E /* Build configuration list for PBXProject "lunch" */;
			compatibilityVersion = "Xcode 3.2";
			developmentRegion = English;
			hasScannedForEncodings = 0;
			knownRegions = (
				en,
				Base,
			);
			mainGroup = 4148DF371B8CA6F00073075E;
			productRefGroup = 4148DF411B8CA6F00073075E /* Products */;
			projectDirPath = "";
			projectRoot = "";
			targets = (
				4148DF3F1B8CA6F00073075E /* lunch */,
				4148DF581B8CA6F00073075E /* lunchTests */,
			);
		};
/* End PBXProject section */

/* Begin PBXResourcesBuildPhase section */
		4148DF3E1B8CA6F00073075E /* Resources */ = {
			isa = PBXResourcesBuildPhase;
			buildActionMask = 2147483647;
			files = (
				4148DF4F1B8CA6F00073075E /* Main.storyboard in Resources */,
				4148DF8A1B8CBCDB0073075E /* DraggablePhotoView.xib in Resources */,
				41359A821B8D1BBB00BFE8AC /* YahooSearchKitResources.bundle in Resources */,
				4148DF541B8CA6F00073075E /* LaunchScreen.xib in Resources */,
				4148DF511B8CA6F00073075E /* Images.xcassets in Resources */,
			);
			runOnlyForDeploymentPostprocessing = 0;
		};
		4148DF571B8CA6F00073075E /* Resources */ = {
			isa = PBXResourcesBuildPhase;
			buildActionMask = 2147483647;
			files = (
			);
			runOnlyForDeploymentPostprocessing = 0;
		};
/* End PBXResourcesBuildPhase section */

/* Begin PBXShellScriptBuildPhase section */
		45BB7714F8B6A5C14DA8C55A /* Copy Pods Resources */ = {
			isa = PBXShellScriptBuildPhase;
			buildActionMask = 2147483647;
			files = (
			);
			inputPaths = (
			);
			name = "Copy Pods Resources";
			outputPaths = (
			);
			runOnlyForDeploymentPostprocessing = 0;
			shellPath = /bin/sh;
			shellScript = "\"${SRCROOT}/Pods/Target Support Files/Pods/Pods-resources.sh\"\n";
			showEnvVarsInLog = 0;
		};
		A469D5C410D4F301285B0C1C /* Check Pods Manifest.lock */ = {
			isa = PBXShellScriptBuildPhase;
			buildActionMask = 2147483647;
			files = (
			);
			inputPaths = (
			);
			name = "Check Pods Manifest.lock";
			outputPaths = (
			);
			runOnlyForDeploymentPostprocessing = 0;
			shellPath = /bin/sh;
			shellScript = "diff \"${PODS_ROOT}/../Podfile.lock\" \"${PODS_ROOT}/Manifest.lock\" > /dev/null\nif [[ $? != 0 ]] ; then\n    cat << EOM\nerror: The sandbox is not in sync with the Podfile.lock. Run 'pod install' or update your CocoaPods installation.\nEOM\n    exit 1\nfi\n";
			showEnvVarsInLog = 0;
		};
/* End PBXShellScriptBuildPhase section */

/* Begin PBXSourcesBuildPhase section */
		4148DF3C1B8CA6F00073075E /* Sources */ = {
			isa = PBXSourcesBuildPhase;
			buildActionMask = 2147483647;
			files = (
				41359A601B8CDDC600BFE8AC /* RoundedBorderView.m in Sources */,
				4148DF4C1B8CA6F00073075E /* MainViewController.m in Sources */,
				41359A801B8D03DA00BFE8AC /* MapAnnotation.m in Sources */,
				4148DF491B8CA6F00073075E /* AppDelegate.m in Sources */,
				4119B88C1B8CC9E500161FF2 /* NibView.m in Sources */,
				4148DF461B8CA6F00073075E /* main.m in Sources */,
				4148DF901B8CBE420073075E /* CircularButton.m in Sources */,
				4148DF881B8CBC490073075E /* DraggablePhotoView.m in Sources */,
				4119B88F1B8CCE3A00161FF2 /* DetailViewController.m in Sources */,
			);
			runOnlyForDeploymentPostprocessing = 0;
		};
		4148DF551B8CA6F00073075E /* Sources */ = {
			isa = PBXSourcesBuildPhase;
			buildActionMask = 2147483647;
			files = (
				4148DF601B8CA6F00073075E /* lunchTests.m in Sources */,
			);
			runOnlyForDeploymentPostprocessing = 0;
		};
/* End PBXSourcesBuildPhase section */

/* Begin PBXTargetDependency section */
		4148DF5B1B8CA6F00073075E /* PBXTargetDependency */ = {
			isa = PBXTargetDependency;
			target = 4148DF3F1B8CA6F00073075E /* lunch */;
			targetProxy = 4148DF5A1B8CA6F00073075E /* PBXContainerItemProxy */;
		};
/* End PBXTargetDependency section */

/* Begin PBXVariantGroup section */
		4148DF4D1B8CA6F00073075E /* Main.storyboard */ = {
			isa = PBXVariantGroup;
			children = (
				4148DF4E1B8CA6F00073075E /* Base */,
			);
			name = Main.storyboard;
			sourceTree = "<group>";
		};
		4148DF521B8CA6F00073075E /* LaunchScreen.xib */ = {
			isa = PBXVariantGroup;
			children = (
				4148DF531B8CA6F00073075E /* Base */,
			);
			name = LaunchScreen.xib;
			sourceTree = "<group>";
		};
/* End PBXVariantGroup section */

/* Begin XCBuildConfiguration section */
		4148DF611B8CA6F00073075E /* Debug */ = {
			isa = XCBuildConfiguration;
			buildSettings = {
				ALWAYS_SEARCH_USER_PATHS = NO;
				CLANG_CXX_LANGUAGE_STANDARD = "gnu++0x";
				CLANG_CXX_LIBRARY = "libc++";
				CLANG_ENABLE_MODULES = YES;
				CLANG_ENABLE_OBJC_ARC = YES;
				CLANG_WARN_BOOL_CONVERSION = YES;
				CLANG_WARN_CONSTANT_CONVERSION = YES;
				CLANG_WARN_DIRECT_OBJC_ISA_USAGE = YES_ERROR;
				CLANG_WARN_EMPTY_BODY = YES;
				CLANG_WARN_ENUM_CONVERSION = YES;
				CLANG_WARN_INT_CONVERSION = YES;
				CLANG_WARN_OBJC_ROOT_CLASS = YES_ERROR;
				CLANG_WARN_UNREACHABLE_CODE = YES;
				CLANG_WARN__DUPLICATE_METHOD_MATCH = YES;
				"CODE_SIGN_IDENTITY[sdk=iphoneos*]" = "iPhone Developer";
				COPY_PHASE_STRIP = NO;
				DEBUG_INFORMATION_FORMAT = "dwarf-with-dsym";
				ENABLE_STRICT_OBJC_MSGSEND = YES;
				GCC_C_LANGUAGE_STANDARD = gnu99;
				GCC_DYNAMIC_NO_PIC = NO;
				GCC_NO_COMMON_BLOCKS = YES;
				GCC_OPTIMIZATION_LEVEL = 0;
				GCC_PREPROCESSOR_DEFINITIONS = (
					"DEBUG=1",
					"$(inherited)",
				);
				GCC_SYMBOLS_PRIVATE_EXTERN = NO;
				GCC_WARN_64_TO_32_BIT_CONVERSION = YES;
				GCC_WARN_ABOUT_RETURN_TYPE = YES_ERROR;
				GCC_WARN_UNDECLARED_SELECTOR = YES;
				GCC_WARN_UNINITIALIZED_AUTOS = YES_AGGRESSIVE;
				GCC_WARN_UNUSED_FUNCTION = YES;
				GCC_WARN_UNUSED_VARIABLE = YES;
				IPHONEOS_DEPLOYMENT_TARGET = 8.4;
				MTL_ENABLE_DEBUG_INFO = YES;
				ONLY_ACTIVE_ARCH = YES;
				SDKROOT = iphoneos;
			};
			name = Debug;
		};
		4148DF621B8CA6F00073075E /* Release */ = {
			isa = XCBuildConfiguration;
			buildSettings = {
				ALWAYS_SEARCH_USER_PATHS = NO;
				CLANG_CXX_LANGUAGE_STANDARD = "gnu++0x";
				CLANG_CXX_LIBRARY = "libc++";
				CLANG_ENABLE_MODULES = YES;
				CLANG_ENABLE_OBJC_ARC = YES;
				CLANG_WARN_BOOL_CONVERSION = YES;
				CLANG_WARN_CONSTANT_CONVERSION = YES;
				CLANG_WARN_DIRECT_OBJC_ISA_USAGE = YES_ERROR;
				CLANG_WARN_EMPTY_BODY = YES;
				CLANG_WARN_ENUM_CONVERSION = YES;
				CLANG_WARN_INT_CONVERSION = YES;
				CLANG_WARN_OBJC_ROOT_CLASS = YES_ERROR;
				CLANG_WARN_UNREACHABLE_CODE = YES;
				CLANG_WARN__DUPLICATE_METHOD_MATCH = YES;
				"CODE_SIGN_IDENTITY[sdk=iphoneos*]" = "iPhone Developer";
				COPY_PHASE_STRIP = NO;
				DEBUG_INFORMATION_FORMAT = "dwarf-with-dsym";
				ENABLE_NS_ASSERTIONS = NO;
				ENABLE_STRICT_OBJC_MSGSEND = YES;
				GCC_C_LANGUAGE_STANDARD = gnu99;
				GCC_NO_COMMON_BLOCKS = YES;
				GCC_WARN_64_TO_32_BIT_CONVERSION = YES;
				GCC_WARN_ABOUT_RETURN_TYPE = YES_ERROR;
				GCC_WARN_UNDECLARED_SELECTOR = YES;
				GCC_WARN_UNINITIALIZED_AUTOS = YES_AGGRESSIVE;
				GCC_WARN_UNUSED_FUNCTION = YES;
				GCC_WARN_UNUSED_VARIABLE = YES;
				IPHONEOS_DEPLOYMENT_TARGET = 8.4;
				MTL_ENABLE_DEBUG_INFO = NO;
				SDKROOT = iphoneos;
				VALIDATE_PRODUCT = YES;
			};
			name = Release;
		};
		4148DF641B8CA6F00073075E /* Debug */ = {
			isa = XCBuildConfiguration;
			baseConfigurationReference = EBCC4A9101E394E367EBFD1E /* Pods.debug.xcconfig */;
			buildSettings = {
				ASSETCATALOG_COMPILER_APPICON_NAME = AppIcon;
				FRAMEWORK_SEARCH_PATHS = (
					"$(inherited)",
					"$(PROJECT_DIR)",
					"$(PROJECT_DIR)/lunch",
				);
				INFOPLIST_FILE = lunch/Info.plist;
				LD_RUNPATH_SEARCH_PATHS = "$(inherited) @executable_path/Frameworks";
				LIBRARY_SEARCH_PATHS = (
					"$(inherited)",
					"$(PROJECT_DIR)/lunch",
					"$(PROJECT_DIR)/lunch/Flurry",
					/Users/keller/Downloads/Flurry,
					iPhone,
					SDK,
					viPhone,
					"6/Flurry-iOS-6.7.0/FlurryAds",
				);
				OTHER_LDFLAGS = (
					"-ObjC",
					"-all_load",
					"$(inherited)",
				);
				PRODUCT_NAME = "$(TARGET_NAME)";
			};
			name = Debug;
		};
		4148DF651B8CA6F00073075E /* Release */ = {
			isa = XCBuildConfiguration;
			baseConfigurationReference = 90EA43CA6CB03909C33B22EC /* Pods.release.xcconfig */;
			buildSettings = {
				ASSETCATALOG_COMPILER_APPICON_NAME = AppIcon;
				FRAMEWORK_SEARCH_PATHS = (
					"$(inherited)",
					"$(PROJECT_DIR)",
					"$(PROJECT_DIR)/lunch",
				);
				INFOPLIST_FILE = lunch/Info.plist;
				LD_RUNPATH_SEARCH_PATHS = "$(inherited) @executable_path/Frameworks";
				LIBRARY_SEARCH_PATHS = (
					"$(inherited)",
					"$(PROJECT_DIR)/lunch",
					"$(PROJECT_DIR)/lunch/Flurry",
					/Users/keller/Downloads/Flurry,
					iPhone,
					SDK,
					viPhone,
					"6/Flurry-iOS-6.7.0/FlurryAds",
				);
				OTHER_LDFLAGS = (
					"-ObjC",
					"-all_load",
					"$(inherited)",
				);
				PRODUCT_NAME = "$(TARGET_NAME)";
			};
			name = Release;
		};
		4148DF671B8CA6F00073075E /* Debug */ = {
			isa = XCBuildConfiguration;
			buildSettings = {
				BUNDLE_LOADER = "$(TEST_HOST)";
				FRAMEWORK_SEARCH_PATHS = (
					"$(SDKROOT)/Developer/Library/Frameworks",
					"$(inherited)",
				);
				GCC_PREPROCESSOR_DEFINITIONS = (
					"DEBUG=1",
					"$(inherited)",
				);
				INFOPLIST_FILE = lunchTests/Info.plist;
				LD_RUNPATH_SEARCH_PATHS = "$(inherited) @executable_path/Frameworks @loader_path/Frameworks";
				PRODUCT_NAME = "$(TARGET_NAME)";
				TEST_HOST = "$(BUILT_PRODUCTS_DIR)/lunch.app/lunch";
			};
			name = Debug;
		};
		4148DF681B8CA6F00073075E /* Release */ = {
			isa = XCBuildConfiguration;
			buildSettings = {
				BUNDLE_LOADER = "$(TEST_HOST)";
				FRAMEWORK_SEARCH_PATHS = (
					"$(SDKROOT)/Developer/Library/Frameworks",
					"$(inherited)",
				);
				INFOPLIST_FILE = lunchTests/Info.plist;
				LD_RUNPATH_SEARCH_PATHS = "$(inherited) @executable_path/Frameworks @loader_path/Frameworks";
				PRODUCT_NAME = "$(TARGET_NAME)";
				TEST_HOST = "$(BUILT_PRODUCTS_DIR)/lunch.app/lunch";
			};
			name = Release;
		};
/* End XCBuildConfiguration section */

/* Begin XCConfigurationList section */
		4148DF3B1B8CA6F00073075E /* Build configuration list for PBXProject "lunch" */ = {
			isa = XCConfigurationList;
			buildConfigurations = (
				4148DF611B8CA6F00073075E /* Debug */,
				4148DF621B8CA6F00073075E /* Release */,
			);
			defaultConfigurationIsVisible = 0;
			defaultConfigurationName = Release;
		};
		4148DF631B8CA6F00073075E /* Build configuration list for PBXNativeTarget "lunch" */ = {
			isa = XCConfigurationList;
			buildConfigurations = (
				4148DF641B8CA6F00073075E /* Debug */,
				4148DF651B8CA6F00073075E /* Release */,
			);
			defaultConfigurationIsVisible = 0;
			defaultConfigurationName = Release;
		};
		4148DF661B8CA6F00073075E /* Build configuration list for PBXNativeTarget "lunchTests" */ = {
			isa = XCConfigurationList;
			buildConfigurations = (
				4148DF671B8CA6F00073075E /* Debug */,
				4148DF681B8CA6F00073075E /* Release */,
			);
			defaultConfigurationIsVisible = 0;
			defaultConfigurationName = Release;
		};
/* End XCConfigurationList section */
	};
	rootObject = 4148DF381B8CA6F00073075E /* Project object */;
}
